
Microsoft Visual Studio Solution File, Format Version 12.00
# Visual Studio 14
VisualStudioVersion = 14.0.23107.0
MinimumVisualStudioVersion = 10.0.40219.1
Project("{FAE04EC0-301F-11D3-BF4B-00C04F79EFBC}") = "DataAdapter", "DataAdapter\DataAdapter.csproj", "{8FBD46B4-F00B-4E5C-953E-37F6EDFEF1E9}"
EndProject
Project("{FAE04EC0-301F-11D3-BF4B-00C04F79EFBC}") = "SpecGenerator", "SpecGenerator\SpecGenerator.csproj", "{C9FFE964-25C3-41A3-9838-315C1B52A771}"
EndProject
Project("{FAE04EC0-301F-11D3-BF4B-00C04F79EFBC}") = "Models", "Model\Models.csproj", "{06BE4F42-A127-4E87-B751-4AB1FBF25E02}"
EndProject
Project("{FAE04EC0-301F-11D3-BF4B-00C04F79EFBC}") = "TeklaJsonGenerator", "TeklaJsonGenerator\TeklaJsonGenerator.csproj", "{85280E2A-6393-4BEA-9EBD-80462292D0DF}"
EndProject
Project("{FAE04EC0-301F-11D3-BF4B-00C04F79EFBC}") = "VNP.AutoCAD.MetalSpec", "VNP.AutoCAD.MetalSpec\VNP.AutoCAD.MetalSpec.csproj", "{D1AFC399-9DE5-4119-9705-3A964CA29996}"
EndProject
Global
	GlobalSection(SolutionConfigurationPlatforms) = preSolution
		Debug|Any CPU = Debug|Any CPU
		Release|Any CPU = Release|Any CPU
	EndGlobalSection
	GlobalSection(ProjectConfigurationPlatforms) = postSolution
		{8FBD46B4-F00B-4E5C-953E-37F6EDFEF1E9}.Debug|Any CPU.ActiveCfg = Debug|Any CPU
		{8FBD46B4-F00B-4E5C-953E-37F6EDFEF1E9}.Debug|Any CPU.Build.0 = Debug|Any CPU
		{8FBD46B4-F00B-4E5C-953E-37F6EDFEF1E9}.Release|Any CPU.ActiveCfg = Release|Any CPU
		{8FBD46B4-F00B-4E5C-953E-37F6EDFEF1E9}.Release|Any CPU.Build.0 = Release|Any CPU
		{C9FFE964-25C3-41A3-9838-315C1B52A771}.Debug|Any CPU.ActiveCfg = Debug|Any CPU
		{C9FFE964-25C3-41A3-9838-315C1B52A771}.Debug|Any CPU.Build.0 = Debug|Any CPU
		{C9FFE964-25C3-41A3-9838-315C1B52A771}.Release|Any CPU.ActiveCfg = Release|Any CPU
		{C9FFE964-25C3-41A3-9838-315C1B52A771}.Release|Any CPU.Build.0 = Release|Any CPU
		{06BE4F42-A127-4E87-B751-4AB1FBF25E02}.Debug|Any CPU.ActiveCfg = Debug|Any CPU
		{06BE4F42-A127-4E87-B751-4AB1FBF25E02}.Debug|Any CPU.Build.0 = Debug|Any CPU
		{06BE4F42-A127-4E87-B751-4AB1FBF25E02}.Release|Any CPU.ActiveCfg = Release|Any CPU
		{06BE4F42-A127-4E87-B751-4AB1FBF25E02}.Release|Any CPU.Build.0 = Release|Any CPU
		{85280E2A-6393-4BEA-9EBD-80462292D0DF}.Debug|Any CPU.ActiveCfg = Debug|Any CPU
		{85280E2A-6393-4BEA-9EBD-80462292D0DF}.Debug|Any CPU.Build.0 = Debug|Any CPU
		{85280E2A-6393-4BEA-9EBD-80462292D0DF}.Release|Any CPU.ActiveCfg = Release|Any CPU
		{85280E2A-6393-4BEA-9EBD-80462292D0DF}.Release|Any CPU.Build.0 = Release|Any CPU
		{D1AFC399-9DE5-4119-9705-3A964CA29996}.Debug|Any CPU.ActiveCfg = Debug|Any CPU
		{D1AFC399-9DE5-4119-9705-3A964CA29996}.Debug|Any CPU.Build.0 = Debug|Any CPU
		{D1AFC399-9DE5-4119-9705-3A964CA29996}.Release|Any CPU.ActiveCfg = Release|Any CPU
		{D1AFC399-9DE5-4119-9705-3A964CA29996}.Release|Any CPU.Build.0 = Release|Any CPU
	EndGlobalSection
	GlobalSection(SolutionProperties) = preSolution
		HideSolutionNode = FALSE
	EndGlobalSection
	GlobalSection(TeamFoundationVersionControl) = preSolution
		SccNumberOfProjects = 6
		SccEnterpriseProvider = {4CA58AB2-18FA-4F8D-95D4-32DDF27D184C}
		SccTeamFoundationServer = http://vnpmosv74:8080/tfs/defaultcollection
		SccLocalPath0 = .
		SccProjectUniqueName1 = DataAdapter\\DataAdapter.csproj
		SccProjectName1 = DataAdapter
		SccLocalPath1 = DataAdapter
		SccProjectUniqueName2 = Model\\Models.csproj
		SccProjectName2 = Model
		SccLocalPath2 = Model
		SccProjectUniqueName3 = SpecGenerator\\SpecGenerator.csproj
		SccProjectName3 = SpecGenerator
		SccLocalPath3 = SpecGenerator
		SccProjectUniqueName4 = TeklaJsonGenerator\\TeklaJsonGenerator.csproj
		SccProjectName4 = TeklaJsonGenerator
		SccLocalPath4 = TeklaJsonGenerator
		SccProjectUniqueName5 = VNP.AutoCAD.MetalSpec\\VNP.AutoCAD.MetalSpec.csproj
		SccProjectName5 = VNP.AutoCAD.MetalSpec
		SccLocalPath5 = VNP.AutoCAD.MetalSpec
	EndGlobalSection
EndGlobal
